
Microsoft Visual Studio Solution File, Format Version 12.00
Project("{2150E333-8FDC-42A3-9474-1A3956D46DE8}") = "Server", "Server", "{235B9CEF-3B0A-42F6-B1C4-499C8D94B0E2}"
EndProject
Project("{FAE04EC0-301F-11D3-BF4B-00C04F79EFBC}") = "Entities", "Server\Entities\Entities.csproj", "{97A58099-472E-41BF-9F96-DFA052CD0B6B}"
EndProject
Project("{FAE04EC0-301F-11D3-BF4B-00C04F79EFBC}") = "RepositoryContracts", "Server\RepositoryContracts\RepositoryContracts.csproj", "{095E75B0-F723-4C8D-8B44-E5F8AABBE7F8}"
EndProject
Project("{FAE04EC0-301F-11D3-BF4B-00C04F79EFBC}") = "InMemoryRepositories", "Server\InMemoryRepositories\InMemoryRepositories.csproj", "{23A94BAA-4DF2-421F-945A-D29E2539AA1C}"
EndProject
Project("{FAE04EC0-301F-11D3-BF4B-00C04F79EFBC}") = "CLI", "Server\CLI\CLI.csproj", "{B88B0DB9-A546-402D-BCDE-C3CF49253A55}"
EndProject
Project("{FAE04EC0-301F-11D3-BF4B-00C04F79EFBC}") = "FileRepositories", "Server\FileRepositories\FileRepositories.csproj", "{8B5A2EDD-A8AA-4C56-B38A-7114B8D9B92E}"
EndProject
Global
	GlobalSection(SolutionConfigurationPlatforms) = preSolution
		Debug|Any CPU = Debug|Any CPU
		Release|Any CPU = Release|Any CPU
	EndGlobalSection
	GlobalSection(NestedProjects) = preSolution
		{97A58099-472E-41BF-9F96-DFA052CD0B6B} = {235B9CEF-3B0A-42F6-B1C4-499C8D94B0E2}
		{095E75B0-F723-4C8D-8B44-E5F8AABBE7F8} = {235B9CEF-3B0A-42F6-B1C4-499C8D94B0E2}
		{23A94BAA-4DF2-421F-945A-D29E2539AA1C} = {235B9CEF-3B0A-42F6-B1C4-499C8D94B0E2}
		{B88B0DB9-A546-402D-BCDE-C3CF49253A55} = {235B9CEF-3B0A-42F6-B1C4-499C8D94B0E2}
		{8B5A2EDD-A8AA-4C56-B38A-7114B8D9B92E} = {235B9CEF-3B0A-42F6-B1C4-499C8D94B0E2}
	EndGlobalSection
	GlobalSection(ProjectConfigurationPlatforms) = postSolution
		{97A58099-472E-41BF-9F96-DFA052CD0B6B}.Debug|Any CPU.ActiveCfg = Debug|Any CPU
		{97A58099-472E-41BF-9F96-DFA052CD0B6B}.Debug|Any CPU.Build.0 = Debug|Any CPU
		{97A58099-472E-41BF-9F96-DFA052CD0B6B}.Release|Any CPU.ActiveCfg = Release|Any CPU
		{97A58099-472E-41BF-9F96-DFA052CD0B6B}.Release|Any CPU.Build.0 = Release|Any CPU
		{095E75B0-F723-4C8D-8B44-E5F8AABBE7F8}.Debug|Any CPU.ActiveCfg = Debug|Any CPU
		{095E75B0-F723-4C8D-8B44-E5F8AABBE7F8}.Debug|Any CPU.Build.0 = Debug|Any CPU
		{095E75B0-F723-4C8D-8B44-E5F8AABBE7F8}.Release|Any CPU.ActiveCfg = Release|Any CPU
		{095E75B0-F723-4C8D-8B44-E5F8AABBE7F8}.Release|Any CPU.Build.0 = Release|Any CPU
		{23A94BAA-4DF2-421F-945A-D29E2539AA1C}.Debug|Any CPU.ActiveCfg = Debug|Any CPU
		{23A94BAA-4DF2-421F-945A-D29E2539AA1C}.Debug|Any CPU.Build.0 = Debug|Any CPU
		{23A94BAA-4DF2-421F-945A-D29E2539AA1C}.Release|Any CPU.ActiveCfg = Release|Any CPU
		{23A94BAA-4DF2-421F-945A-D29E2539AA1C}.Release|Any CPU.Build.0 = Release|Any CPU
		{B88B0DB9-A546-402D-BCDE-C3CF49253A55}.Debug|Any CPU.ActiveCfg = Debug|Any CPU
		{B88B0DB9-A546-402D-BCDE-C3CF49253A55}.Debug|Any CPU.Build.0 = Debug|Any CPU
		{B88B0DB9-A546-402D-BCDE-C3CF49253A55}.Release|Any CPU.ActiveCfg = Release|Any CPU
		{B88B0DB9-A546-402D-BCDE-C3CF49253A55}.Release|Any CPU.Build.0 = Release|Any CPU
		{8B5A2EDD-A8AA-4C56-B38A-7114B8D9B92E}.Debug|Any CPU.ActiveCfg = Debug|Any CPU
		{8B5A2EDD-A8AA-4C56-B38A-7114B8D9B92E}.Debug|Any CPU.Build.0 = Debug|Any CPU
		{8B5A2EDD-A8AA-4C56-B38A-7114B8D9B92E}.Release|Any CPU.ActiveCfg = Release|Any CPU
		{8B5A2EDD-A8AA-4C56-B38A-7114B8D9B92E}.Release|Any CPU.Build.0 = Release|Any CPU
	EndGlobalSection
EndGlobal
